
Microsoft Visual Studio Solution File, Format Version 12.00
# Visual Studio 15
VisualStudioVersion = 15.0.26430.6
MinimumVisualStudioVersion = 10.0.40219.1
Project("{2150E333-8FDC-42A3-9474-1A3956D46DE8}") = "Services", "Services", "{B4CC1E20-B86A-425E-A7CE-BD9A18AEC929}"
EndProject
Project("{2150E333-8FDC-42A3-9474-1A3956D46DE8}") = "Tests", "Tests", "{54AF0AD6-B425-4711-B756-35905C656C87}"
EndProject
Project("{2150E333-8FDC-42A3-9474-1A3956D46DE8}") = "Integration", "Integration", "{FED84DBB-6E6A-41A9-9316-8D4836FA8C62}"
EndProject
Project("{2150E333-8FDC-42A3-9474-1A3956D46DE8}") = "UnitTest", "UnitTest", "{4AE04DFB-657C-49F3-8EE4-81D2A74ECE3D}"
EndProject
Project("{2150E333-8FDC-42A3-9474-1A3956D46DE8}") = "Automation", "Automation", "{7A1F655E-64F2-42B1-91A6-349D5C8F7140}"
EndProject
Project("{FAE04EC0-301F-11D3-BF4B-00C04F79EFBC}") = "UnitTest", "UnitTest\UnitTest.csproj", "{5D77CADA-D365-4795-9C22-829DFE4D46F6}"
EndProject
Project("{2150E333-8FDC-42A3-9474-1A3956D46DE8}") = "Migrations", "Migrations", "{6698CF7D-207C-4E39-B6F7-5C5E3B4DC028}"
EndProject
Project("{FAE04EC0-301F-11D3-BF4B-00C04F79EFBC}") = "Migration", "Migration\Migration.csproj", "{3AF72F05-C922-4E79-A7E4-579D6F6FBE5B}"
EndProject
Project("{FAE04EC0-301F-11D3-BF4B-00C04F79EFBC}") = "Domain", "Domain\Domain.csproj", "{46D74DF4-1ACC-4B9B-8335-8EF1DCC78E82}"
EndProject
Project("{FAE04EC0-301F-11D3-BF4B-00C04F79EFBC}") = "DomainModel", "DomainModel\DomainModel.csproj", "{F46517FF-4B46-4E94-A613-77D0B4EE8B04}"
EndProject
Project("{FAE04EC0-301F-11D3-BF4B-00C04F79EFBC}") = "Data", "Data\Data.csproj", "{E7BC2127-116E-4F52-A5C1-7AE80C186F2B}"
EndProject
Project("{FAE04EC0-301F-11D3-BF4B-00C04F79EFBC}") = "app", "app\app.csproj", "{5221F924-8B20-4D87-93F0-37F3A308A8AA}"
EndProject
Project("{FAE04EC0-301F-11D3-BF4B-00C04F79EFBC}") = "GetEat", "GetEat\GetEat.csproj", "{6F6D10CD-C30C-453C-9334-34053DD747B1}"
EndProject
Project("{FAE04EC0-301F-11D3-BF4B-00C04F79EFBC}") = "Infrastructure", "Infrastructure\Infrastructure.csproj", "{AACD73A4-250B-48A9-B6BD-D4DCD9ABE85C}"
EndProject
Global
	GlobalSection(SolutionConfigurationPlatforms) = preSolution
		Debug|Any CPU = Debug|Any CPU
		Release|Any CPU = Release|Any CPU
	EndGlobalSection
	GlobalSection(ProjectConfigurationPlatforms) = postSolution
		{5D77CADA-D365-4795-9C22-829DFE4D46F6}.Debug|Any CPU.ActiveCfg = Debug|Any CPU
		{5D77CADA-D365-4795-9C22-829DFE4D46F6}.Debug|Any CPU.Build.0 = Debug|Any CPU
		{5D77CADA-D365-4795-9C22-829DFE4D46F6}.Release|Any CPU.ActiveCfg = Release|Any CPU
		{5D77CADA-D365-4795-9C22-829DFE4D46F6}.Release|Any CPU.Build.0 = Release|Any CPU
		{3AF72F05-C922-4E79-A7E4-579D6F6FBE5B}.Debug|Any CPU.ActiveCfg = Debug|Any CPU
		{3AF72F05-C922-4E79-A7E4-579D6F6FBE5B}.Debug|Any CPU.Build.0 = Debug|Any CPU
		{3AF72F05-C922-4E79-A7E4-579D6F6FBE5B}.Release|Any CPU.ActiveCfg = Release|Any CPU
		{3AF72F05-C922-4E79-A7E4-579D6F6FBE5B}.Release|Any CPU.Build.0 = Release|Any CPU
		{46D74DF4-1ACC-4B9B-8335-8EF1DCC78E82}.Debug|Any CPU.ActiveCfg = Debug|Any CPU
		{46D74DF4-1ACC-4B9B-8335-8EF1DCC78E82}.Debug|Any CPU.Build.0 = Debug|Any CPU
		{46D74DF4-1ACC-4B9B-8335-8EF1DCC78E82}.Release|Any CPU.ActiveCfg = Release|Any CPU
		{46D74DF4-1ACC-4B9B-8335-8EF1DCC78E82}.Release|Any CPU.Build.0 = Release|Any CPU
		{F46517FF-4B46-4E94-A613-77D0B4EE8B04}.Debug|Any CPU.ActiveCfg = Debug|Any CPU
		{F46517FF-4B46-4E94-A613-77D0B4EE8B04}.Debug|Any CPU.Build.0 = Debug|Any CPU
		{F46517FF-4B46-4E94-A613-77D0B4EE8B04}.Release|Any CPU.ActiveCfg = Release|Any CPU
		{F46517FF-4B46-4E94-A613-77D0B4EE8B04}.Release|Any CPU.Build.0 = Release|Any CPU
		{E7BC2127-116E-4F52-A5C1-7AE80C186F2B}.Debug|Any CPU.ActiveCfg = Debug|Any CPU
		{E7BC2127-116E-4F52-A5C1-7AE80C186F2B}.Debug|Any CPU.Build.0 = Debug|Any CPU
		{E7BC2127-116E-4F52-A5C1-7AE80C186F2B}.Release|Any CPU.ActiveCfg = Release|Any CPU
		{E7BC2127-116E-4F52-A5C1-7AE80C186F2B}.Release|Any CPU.Build.0 = Release|Any CPU
		{5221F924-8B20-4D87-93F0-37F3A308A8AA}.Debug|Any CPU.ActiveCfg = Debug|Any CPU
		{5221F924-8B20-4D87-93F0-37F3A308A8AA}.Debug|Any CPU.Build.0 = Debug|Any CPU
		{5221F924-8B20-4D87-93F0-37F3A308A8AA}.Release|Any CPU.ActiveCfg = Release|Any CPU
		{5221F924-8B20-4D87-93F0-37F3A308A8AA}.Release|Any CPU.Build.0 = Release|Any CPU
		{6F6D10CD-C30C-453C-9334-34053DD747B1}.Debug|Any CPU.ActiveCfg = Debug|Any CPU
		{6F6D10CD-C30C-453C-9334-34053DD747B1}.Debug|Any CPU.Build.0 = Debug|Any CPU
		{6F6D10CD-C30C-453C-9334-34053DD747B1}.Release|Any CPU.ActiveCfg = Release|Any CPU
		{6F6D10CD-C30C-453C-9334-34053DD747B1}.Release|Any CPU.Build.0 = Release|Any CPU
		{AACD73A4-250B-48A9-B6BD-D4DCD9ABE85C}.Debug|Any CPU.ActiveCfg = Debug|Any CPU
		{AACD73A4-250B-48A9-B6BD-D4DCD9ABE85C}.Debug|Any CPU.Build.0 = Debug|Any CPU
		{AACD73A4-250B-48A9-B6BD-D4DCD9ABE85C}.Release|Any CPU.ActiveCfg = Release|Any CPU
		{AACD73A4-250B-48A9-B6BD-D4DCD9ABE85C}.Release|Any CPU.Build.0 = Release|Any CPU
	EndGlobalSection
	GlobalSection(SolutionProperties) = preSolution
		HideSolutionNode = FALSE
	EndGlobalSection
	GlobalSection(NestedProjects) = preSolution
		{FED84DBB-6E6A-41A9-9316-8D4836FA8C62} = {54AF0AD6-B425-4711-B756-35905C656C87}
		{4AE04DFB-657C-49F3-8EE4-81D2A74ECE3D} = {54AF0AD6-B425-4711-B756-35905C656C87}
		{7A1F655E-64F2-42B1-91A6-349D5C8F7140} = {54AF0AD6-B425-4711-B756-35905C656C87}
		{5D77CADA-D365-4795-9C22-829DFE4D46F6} = {4AE04DFB-657C-49F3-8EE4-81D2A74ECE3D}
		{3AF72F05-C922-4E79-A7E4-579D6F6FBE5B} = {6698CF7D-207C-4E39-B6F7-5C5E3B4DC028}
	EndGlobalSection
EndGlobal
